
Microsoft Visual Studio Solution File, Format Version 12.00
# Visual Studio Version 17
VisualStudioVersion = 17.6.33815.320
MinimumVisualStudioVersion = 10.0.40219.1
Project("{FAE04EC0-301F-11D3-BF4B-00C04F79EFBC}") = "JwtWithdatabase", "JwtWithdatabase\JwtWithdatabase.csproj", "{436CC1CF-27E4-4D0B-9632-C25ECC331917}"
EndProject
Global
	GlobalSection(SolutionConfigurationPlatforms) = preSolution
		Debug|Any CPU = Debug|Any CPU
		Release|Any CPU = Release|Any CPU
	EndGlobalSection
	GlobalSection(ProjectConfigurationPlatforms) = postSolution
		{436CC1CF-27E4-4D0B-9632-C25ECC331917}.Debug|Any CPU.ActiveCfg = Debug|Any CPU
		{436CC1CF-27E4-4D0B-9632-C25ECC331917}.Debug|Any CPU.Build.0 = Debug|Any CPU
		{436CC1CF-27E4-4D0B-9632-C25ECC331917}.Release|Any CPU.ActiveCfg = Release|Any CPU
		{436CC1CF-27E4-4D0B-9632-C25ECC331917}.Release|Any CPU.Build.0 = Release|Any CPU
	EndGlobalSection
	GlobalSection(SolutionProperties) = preSolution
		HideSolutionNode = FALSE
	EndGlobalSection
	GlobalSection(ExtensibilityGlobals) = postSolution
		SolutionGuid = {0FDC13A2-B156-47E7-BFBC-B4E9368CE31C}
	EndGlobalSection
EndGlobal
